
Microsoft Visual Studio Solution File, Format Version 12.00
# Visual Studio Version 16
VisualStudioVersion = 16.0.31025.194
MinimumVisualStudioVersion = 10.0.40219.1
Project("{9A19103F-16F7-4668-BE54-9A1E7A4F7556}") = "PagSeguroEasy.Library", "PagSeguroEasy.Library\PagSeguroEasy.Library.csproj", "{C142B6CD-DF25-459E-9806-76E1B339DB37}"
EndProject
Project("{9A19103F-16F7-4668-BE54-9A1E7A4F7556}") = "msShop", "E-commerce\msShop.csproj", "{DFAA53EF-7553-4697-BC3C-7A43A7F8B849}"
EndProject
Global
	GlobalSection(SolutionConfigurationPlatforms) = preSolution
		Debug|Any CPU = Debug|Any CPU
		Release|Any CPU = Release|Any CPU
	EndGlobalSection
	GlobalSection(ProjectConfigurationPlatforms) = postSolution
		{C142B6CD-DF25-459E-9806-76E1B339DB37}.Debug|Any CPU.ActiveCfg = Debug|Any CPU
		{C142B6CD-DF25-459E-9806-76E1B339DB37}.Debug|Any CPU.Build.0 = Debug|Any CPU
		{C142B6CD-DF25-459E-9806-76E1B339DB37}.Release|Any CPU.ActiveCfg = Release|Any CPU
		{C142B6CD-DF25-459E-9806-76E1B339DB37}.Release|Any CPU.Build.0 = Release|Any CPU
		{DFAA53EF-7553-4697-BC3C-7A43A7F8B849}.Debug|Any CPU.ActiveCfg = Debug|Any CPU
		{DFAA53EF-7553-4697-BC3C-7A43A7F8B849}.Debug|Any CPU.Build.0 = Debug|Any CPU
		{DFAA53EF-7553-4697-BC3C-7A43A7F8B849}.Release|Any CPU.ActiveCfg = Release|Any CPU
		{DFAA53EF-7553-4697-BC3C-7A43A7F8B849}.Release|Any CPU.Build.0 = Release|Any CPU
	EndGlobalSection
	GlobalSection(SolutionProperties) = preSolution
		HideSolutionNode = FALSE
	EndGlobalSection
	GlobalSection(ExtensibilityGlobals) = postSolution
		SolutionGuid = {09A1E9B4-810A-4BEA-A92D-871BCE907E2F}
	EndGlobalSection
EndGlobal
